
Microsoft Visual Studio Solution File, Format Version 12.00
Project("{2150E333-8FDC-42A3-9474-1A3956D46DE8}") = "Core", "Core", "{1094F969-4568-435D-9342-843ED25FC777}"
EndProject
Project("{FAE04EC0-301F-11D3-BF4B-00C04F79EFBC}") = "Domain", "Domain\Domain.csproj", "{196C6165-4A0B-4F21-B1C9-2F5BC21B368A}"
EndProject
Project("{FAE04EC0-301F-11D3-BF4B-00C04F79EFBC}") = "Application", "Application\Application.csproj", "{BA5DB3F5-F56B-4224-A8BE-900F0914EF62}"
EndProject
Project("{2150E333-8FDC-42A3-9474-1A3956D46DE8}") = "Infrastructure", "Infrastructure", "{E6A0710D-296B-4C00-8FBC-32B86DBAAB68}"
EndProject
Project("{FAE04EC0-301F-11D3-BF4B-00C04F79EFBC}") = "Infrastructure", "Infrastructure\Infrastructure.csproj", "{E2AC462A-8099-4EC2-8CEF-BD2E53B8140B}"
EndProject
Project("{2150E333-8FDC-42A3-9474-1A3956D46DE8}") = "WebAPI", "WebAPI", "{4328FDB9-27AE-4415-B6C4-A262228937D3}"
EndProject
Project("{FAE04EC0-301F-11D3-BF4B-00C04F79EFBC}") = "WebAPI", "WebAPI\WebAPI.csproj", "{A1F92684-F7CD-41AB-8983-894CBFAAC58C}"
EndProject
Project("{2150E333-8FDC-42A3-9474-1A3956D46DE8}") = "Tests", "Tests", "{14149B96-3266-47B0-B4D2-73B1807ADE31}"
EndProject
Project("{FAE04EC0-301F-11D3-BF4B-00C04F79EFBC}") = "UnitTest", "UnitTest\UnitTest.csproj", "{6A1F6CAA-6182-4F64-8598-69F33570B4C2}"
EndProject
Project("{FAE04EC0-301F-11D3-BF4B-00C04F79EFBC}") = "IntegrationTest", "IntegrationTest\IntegrationTest.csproj", "{D5E6B7ED-DE79-4312-9488-C385155FDCE5}"
EndProject
Global
	GlobalSection(SolutionConfigurationPlatforms) = preSolution
		Debug|Any CPU = Debug|Any CPU
		Release|Any CPU = Release|Any CPU
	EndGlobalSection
	GlobalSection(NestedProjects) = preSolution
		{196C6165-4A0B-4F21-B1C9-2F5BC21B368A} = {1094F969-4568-435D-9342-843ED25FC777}
		{BA5DB3F5-F56B-4224-A8BE-900F0914EF62} = {1094F969-4568-435D-9342-843ED25FC777}
		{E2AC462A-8099-4EC2-8CEF-BD2E53B8140B} = {E6A0710D-296B-4C00-8FBC-32B86DBAAB68}
		{A1F92684-F7CD-41AB-8983-894CBFAAC58C} = {4328FDB9-27AE-4415-B6C4-A262228937D3}
		{6A1F6CAA-6182-4F64-8598-69F33570B4C2} = {14149B96-3266-47B0-B4D2-73B1807ADE31}
		{D5E6B7ED-DE79-4312-9488-C385155FDCE5} = {14149B96-3266-47B0-B4D2-73B1807ADE31}
	EndGlobalSection
	GlobalSection(ProjectConfigurationPlatforms) = postSolution
		{196C6165-4A0B-4F21-B1C9-2F5BC21B368A}.Debug|Any CPU.ActiveCfg = Debug|Any CPU
		{196C6165-4A0B-4F21-B1C9-2F5BC21B368A}.Debug|Any CPU.Build.0 = Debug|Any CPU
		{196C6165-4A0B-4F21-B1C9-2F5BC21B368A}.Release|Any CPU.ActiveCfg = Release|Any CPU
		{196C6165-4A0B-4F21-B1C9-2F5BC21B368A}.Release|Any CPU.Build.0 = Release|Any CPU
		{BA5DB3F5-F56B-4224-A8BE-900F0914EF62}.Debug|Any CPU.ActiveCfg = Debug|Any CPU
		{BA5DB3F5-F56B-4224-A8BE-900F0914EF62}.Debug|Any CPU.Build.0 = Debug|Any CPU
		{BA5DB3F5-F56B-4224-A8BE-900F0914EF62}.Release|Any CPU.ActiveCfg = Release|Any CPU
		{BA5DB3F5-F56B-4224-A8BE-900F0914EF62}.Release|Any CPU.Build.0 = Release|Any CPU
		{E2AC462A-8099-4EC2-8CEF-BD2E53B8140B}.Debug|Any CPU.ActiveCfg = Debug|Any CPU
		{E2AC462A-8099-4EC2-8CEF-BD2E53B8140B}.Debug|Any CPU.Build.0 = Debug|Any CPU
		{E2AC462A-8099-4EC2-8CEF-BD2E53B8140B}.Release|Any CPU.ActiveCfg = Release|Any CPU
		{E2AC462A-8099-4EC2-8CEF-BD2E53B8140B}.Release|Any CPU.Build.0 = Release|Any CPU
		{A1F92684-F7CD-41AB-8983-894CBFAAC58C}.Debug|Any CPU.ActiveCfg = Debug|Any CPU
		{A1F92684-F7CD-41AB-8983-894CBFAAC58C}.Debug|Any CPU.Build.0 = Debug|Any CPU
		{A1F92684-F7CD-41AB-8983-894CBFAAC58C}.Release|Any CPU.ActiveCfg = Release|Any CPU
		{A1F92684-F7CD-41AB-8983-894CBFAAC58C}.Release|Any CPU.Build.0 = Release|Any CPU
		{6A1F6CAA-6182-4F64-8598-69F33570B4C2}.Debug|Any CPU.ActiveCfg = Debug|Any CPU
		{6A1F6CAA-6182-4F64-8598-69F33570B4C2}.Debug|Any CPU.Build.0 = Debug|Any CPU
		{6A1F6CAA-6182-4F64-8598-69F33570B4C2}.Release|Any CPU.ActiveCfg = Release|Any CPU
		{6A1F6CAA-6182-4F64-8598-69F33570B4C2}.Release|Any CPU.Build.0 = Release|Any CPU
		{D5E6B7ED-DE79-4312-9488-C385155FDCE5}.Debug|Any CPU.ActiveCfg = Debug|Any CPU
		{D5E6B7ED-DE79-4312-9488-C385155FDCE5}.Debug|Any CPU.Build.0 = Debug|Any CPU
		{D5E6B7ED-DE79-4312-9488-C385155FDCE5}.Release|Any CPU.ActiveCfg = Release|Any CPU
		{D5E6B7ED-DE79-4312-9488-C385155FDCE5}.Release|Any CPU.Build.0 = Release|Any CPU
	EndGlobalSection
EndGlobal
